
Microsoft Visual Studio Solution File, Format Version 12.00
# Visual Studio 15
VisualStudioVersion = 15.0.27004.2006
MinimumVisualStudioVersion = 10.0.40219.1
Project("{FAE04EC0-301F-11D3-BF4B-00C04F79EFBC}") = "ExpiredReminder", "ExpiredReminder\ExpiredReminder.csproj", "{0B5014A2-21D1-4D7C-848D-2D405217CC7D}"
EndProject
Project("{FAE04EC0-301F-11D3-BF4B-00C04F79EFBC}") = "ExpiredReminder.DataAccess", "ExpiredReminder.DataAccess\ExpiredReminder.DataAccess.csproj", "{D287CDDB-7E11-47B8-A163-A85E365E7401}"
EndProject
Project("{FAE04EC0-301F-11D3-BF4B-00C04F79EFBC}") = "ExpiredReminder.Business", "ExpiredReminder.Business\ExpiredReminder.Business.csproj", "{5BAEA201-7A77-4169-994C-237C8324D865}"
EndProject
Project("{FAE04EC0-301F-11D3-BF4B-00C04F79EFBC}") = "ExpiredReminder.Business.Test", "ExpiredReminder.Business.Test\ExpiredReminder.Business.Test.csproj", "{852B8C74-A827-4D65-8999-0D64EBB92A39}"
EndProject
Global
	GlobalSection(SolutionConfigurationPlatforms) = preSolution
		Debug|Any CPU = Debug|Any CPU
		Release|Any CPU = Release|Any CPU
	EndGlobalSection
	GlobalSection(ProjectConfigurationPlatforms) = postSolution
		{0B5014A2-21D1-4D7C-848D-2D405217CC7D}.Debug|Any CPU.ActiveCfg = Debug|Any CPU
		{0B5014A2-21D1-4D7C-848D-2D405217CC7D}.Debug|Any CPU.Build.0 = Debug|Any CPU
		{0B5014A2-21D1-4D7C-848D-2D405217CC7D}.Release|Any CPU.ActiveCfg = Release|Any CPU
		{0B5014A2-21D1-4D7C-848D-2D405217CC7D}.Release|Any CPU.Build.0 = Release|Any CPU
		{D287CDDB-7E11-47B8-A163-A85E365E7401}.Debug|Any CPU.ActiveCfg = Debug|Any CPU
		{D287CDDB-7E11-47B8-A163-A85E365E7401}.Debug|Any CPU.Build.0 = Debug|Any CPU
		{D287CDDB-7E11-47B8-A163-A85E365E7401}.Release|Any CPU.ActiveCfg = Release|Any CPU
		{D287CDDB-7E11-47B8-A163-A85E365E7401}.Release|Any CPU.Build.0 = Release|Any CPU
		{5BAEA201-7A77-4169-994C-237C8324D865}.Debug|Any CPU.ActiveCfg = Debug|Any CPU
		{5BAEA201-7A77-4169-994C-237C8324D865}.Debug|Any CPU.Build.0 = Debug|Any CPU
		{5BAEA201-7A77-4169-994C-237C8324D865}.Release|Any CPU.ActiveCfg = Release|Any CPU
		{5BAEA201-7A77-4169-994C-237C8324D865}.Release|Any CPU.Build.0 = Release|Any CPU
		{852B8C74-A827-4D65-8999-0D64EBB92A39}.Debug|Any CPU.ActiveCfg = Debug|Any CPU
		{852B8C74-A827-4D65-8999-0D64EBB92A39}.Debug|Any CPU.Build.0 = Debug|Any CPU
		{852B8C74-A827-4D65-8999-0D64EBB92A39}.Release|Any CPU.ActiveCfg = Release|Any CPU
		{852B8C74-A827-4D65-8999-0D64EBB92A39}.Release|Any CPU.Build.0 = Release|Any CPU
	EndGlobalSection
	GlobalSection(SolutionProperties) = preSolution
		HideSolutionNode = FALSE
	EndGlobalSection
	GlobalSection(ExtensibilityGlobals) = postSolution
		SolutionGuid = {776F84CD-77C9-4649-9E58-A4FD182C0E87}
	EndGlobalSection
EndGlobal
